# THIS IS AN AUTOGENERATED FILE. DO NOT EDIT THIS FILE DIRECTLY.
# yarn lockfile v1


"@botol/dipo@^0.x":
  version "0.0.6"
  resolved "https://registry.yarnpkg.com/@botol/dipo/-/dipo-0.0.6.tgz#9f3dc2d980d07788b26afac10fafe5637f2cfb91"
  integrity sha512-sqlIzwuLSNYfsrXeA2YlRprVa1OIPGqagTPT1vKFAYwbaDbg4tRolySTCSWt24YdhVJFydNqmjR89ElL8eSQVQ==

"@botol/tg-bot@^0.x":
  version "0.0.2"
  resolved "https://registry.yarnpkg.com/@botol/tg-bot/-/tg-bot-0.0.2.tgz#1e38c22f648bec9715a135c678434a392662ae44"
  integrity sha512-w/GJIx/ybQ+55FppLiJi+NW89STWbTn0+x2jwrQEd2NqShUOTbCipkcWin58iHP/lqlK/S5S2g+rDBwjjhvB/Q==
  dependencies:
    "@botol/dipo" "^0.x"
    "@botol/tg-client" "^0.x"
    "@botol/tg-dipo" "^0.x"
    "@botol/tg-methods" "^0.x"

"@botol/tg-client@^0.x":
  version "0.0.7"
  resolved "https://registry.yarnpkg.com/@botol/tg-client/-/tg-client-0.0.7.tgz#4deb0ce352e2d157f693311f09c9e9a0c7f5a840"
  integrity sha512-/VBafe7xtGHE2kHXl5aD6eW6OmRNeddO+YTr/XMDwduNny5kyqrfM1gm5HuaGa3nAx0xEhO4F45JXrkf1CXqtg==
  dependencies:
    "@botol/tg-types" "^0.x"
    abort-controller "^3.0.0"
    form-data "^4.0.0"
    node-fetch "^2.6.1"

"@botol/tg-dipo@^0.x":
  version "0.0.13"
  resolved "https://registry.yarnpkg.com/@botol/tg-dipo/-/tg-dipo-0.0.13.tgz#0bb47a2e762ef5d8f89d05773e3e395448e8318f"
  integrity sha512-1cTTmZAibFDgll7WO2jWlKyiE3P0hfvXm+SPHfh5r48powJUCQ7RUddXyQu2j2ulCdIUo0qL72GLEVW5MGlkoQ==
  dependencies:
    "@botol/dipo" "^0.x"
    "@botol/tg-client" "^0.x"
    "@botol/tg-methods" "^0.x"
    "@botol/tg-types" "0.x"

"@botol/tg-methods@^0.x":
  version "0.0.1"
  resolved "https://registry.yarnpkg.com/@botol/tg-methods/-/tg-methods-0.0.1.tgz#4f67b14fb8463d002bdd43e1e1c7519b910f446b"
  integrity sha512-GESXG9TU7oUpk3WUUkxrE05DN4ZR0OMgLNR7vYmwF+aEuKn96YwBeZ0AybiFyentXYU0tmXXS9unRSrcBda+Gw==
  dependencies:
    "@botol/tg-client" "^0.x"
    "@botol/tg-types" "0.x"

"@botol/tg-types@0.x", "@botol/tg-types@^0.x":
  version "0.0.5"
  resolved "https://registry.yarnpkg.com/@botol/tg-types/-/tg-types-0.0.5.tgz#14df477803e51bdbd426623afe8fa267e3741b56"
  integrity sha512-CvGCzp/+972sYQqefWDE17LWE0wwrgPUB7Q7Z03BIzTcDq+nJHDkBXY37H4MArY1FpyvDgNGEkC8d7Uf998mgg==

"@types/node@^15.0.3":
  version "15.6.0"
  resolved "https://registry.yarnpkg.com/@types/node/-/node-15.6.0.tgz#f0ddca5a61e52627c9dcb771a6039d44694597bc"
  integrity sha512-gCYSfQpy+LYhOFTKAeE8BkyGqaxmlFxe+n4DKM6DR0wzw/HISUE/hAmkC/KT8Sw5PCJblqg062b3z9gucv3k0A==

abort-controller@^3.0.0:
  version "3.0.0"
  resolved "https://registry.yarnpkg.com/abort-controller/-/abort-controller-3.0.0.tgz#eaf54d53b62bae4138e809ca225c8439a6efb392"
  integrity sha512-h8lQ8tacZYnR3vNQTgibj+tODHI5/+l06Au2Pcriv/Gmet0eaj4TwWH41sO9wnHDiQsEj19q0drzdWdeAHtweg==
  dependencies:
    event-target-shim "^5.0.0"

asynckit@^0.4.0:
  version "0.4.0"
  resolved "https://registry.yarnpkg.com/asynckit/-/asynckit-0.4.0.tgz#c79ed97f7f34cb8f2ba1bc9790bcc366474b4b79"
  integrity sha1-x57Zf380y48robyXkLzDZkdLS3k=

combined-stream@^1.0.8:
  version "1.0.8"
  resolved "https://registry.yarnpkg.com/combined-stream/-/combined-stream-1.0.8.tgz#c3d45a8b34fd730631a110a8a2520682b31d5a7f"
  integrity sha512-FQN4MRfuJeHf7cBbBMJFXhKSDq+2kAArBlmRBvcvFE5BB1HZKXtSFASDhdlz9zOYwxh8lDdnvmMOe/+5cdoEdg==
  dependencies:
    delayed-stream "~1.0.0"

delayed-stream@~1.0.0:
  version "1.0.0"
  resolved "https://registry.yarnpkg.com/delayed-stream/-/delayed-stream-1.0.0.tgz#df3ae199acadfb7d440aaae0b29e2272b24ec619"
  integrity sha1-3zrhmayt+31ECqrgsp4icrJOxhk=

event-target-shim@^5.0.0:
  version "5.0.1"
  resolved "https://registry.yarnpkg.com/event-target-shim/-/event-target-shim-5.0.1.tgz#5d4d3ebdf9583d63a5333ce2deb7480ab2b05789"
  integrity sha512-i/2XbnSz/uxRCU6+NdVJgKWDTM427+MqYbkQzD321DuCQJUqOuJKIA0IM2+W2xtYHdKOmZ4dR6fExsd4SXL+WQ==

form-data@^4.0.0:
  version "4.0.0"
  resolved "https://registry.yarnpkg.com/form-data/-/form-data-4.0.0.tgz#93919daeaf361ee529584b9b31664dc12c9fa452"
  integrity sha512-ETEklSGi5t0QMZuiXoA/Q6vcnxcLQP5vdugSpuAyi6SVGi2clPPp+xgEhuMaHC+zGgn31Kd235W35f7Hykkaww==
  dependencies:
    asynckit "^0.4.0"
    combined-stream "^1.0.8"
    mime-types "^2.1.12"

mime-db@1.47.0:
  version "1.47.0"
  resolved "https://registry.yarnpkg.com/mime-db/-/mime-db-1.47.0.tgz#8cb313e59965d3c05cfbf898915a267af46a335c"
  integrity sha512-QBmA/G2y+IfeS4oktet3qRZ+P5kPhCKRXxXnQEudYqUaEioAU1/Lq2us3D/t1Jfo4hE9REQPrbB7K5sOczJVIw==

mime-types@^2.1.12:
  version "2.1.30"
  resolved "https://registry.yarnpkg.com/mime-types/-/mime-types-2.1.30.tgz#6e7be8b4c479825f85ed6326695db73f9305d62d"
  integrity sha512-crmjA4bLtR8m9qLpHvgxSChT+XoSlZi8J4n/aIdn3z92e/U47Z0V/yl+Wh9W046GgFVAmoNR/fmdbZYcSSIUeg==
  dependencies:
    mime-db "1.47.0"

node-fetch@^2.6.1:
  version "2.6.1"
  resolved "https://registry.yarnpkg.com/node-fetch/-/node-fetch-2.6.1.tgz#045bd323631f76ed2e2b55573394416b639a0052"
  integrity sha512-V4aYg89jEoVRxRb2fJdAg8FHvI7cEyYdVAh94HH0UIK8oJxUfkjlDQN9RbMx+bEjP7+ggMiFRprSti032Oipxw==

typescript@^4.2.4:
  version "4.2.4"
  resolved "https://registry.yarnpkg.com/typescript/-/typescript-4.2.4.tgz#8610b59747de028fda898a8aef0e103f156d0961"
  integrity sha512-V+evlYHZnQkaz8TRBuxTA92yZBPotr5H+WhQ7bD3hZUndx5tGOa1fuCgeSjxAzM1RiN5IzvadIXTVefuuwZCRg==

wpoll@^1.0.2:
  version "1.0.2"
  resolved "https://registry.yarnpkg.com/wpoll/-/wpoll-1.0.2.tgz#2a7f38021ecf6444a2b57b06faf90f5f683057a4"
  integrity sha512-+soVYqXoKMBhV0GCDt9McDJe2cWc4x2KGxtZy0nLVCWrA6K9YE03Gmj0PBUsWgqVpQBfs2S+oGOXtNfTWKx24g==
